
Microsoft Visual Studio Solution File, Format Version 12.00
# Visual Studio 15
VisualStudioVersion = 15.0.28010.2036
MinimumVisualStudioVersion = 10.0.40219.1
Project("{FAE04EC0-301F-11D3-BF4B-00C04F79EFBC}") = "TXSalesForce.Android", "TXSalesForce\TXSalesForce.Android\TXSalesForce.Android.csproj", "{601173B1-B9CA-4F50-A029-57A454C1D498}"
EndProject
Project("{FAE04EC0-301F-11D3-BF4B-00C04F79EFBC}") = "TXSalesForce.iOS", "TXSalesForce\TXSalesForce.iOS\TXSalesForce.iOS.csproj", "{1D2B7396-6D11-40CD-85D5-B10AD818F7CE}"
EndProject
Project("{FAE04EC0-301F-11D3-BF4B-00C04F79EFBC}") = "TXSalesForce.UWP", "TXSalesForce\TXSalesForce.UWP\TXSalesForce.UWP.csproj", "{21149A87-E731-4EC5-A811-6C0BD35CE113}"
EndProject
Project("{FAE04EC0-301F-11D3-BF4B-00C04F79EFBC}") = "TXSalesForce", "TXSalesForce\TXSalesForce\TXSalesForce.csproj", "{C03B0717-89C7-4002-842A-E3A72E134CDA}"
EndProject
Global
	GlobalSection(SolutionConfigurationPlatforms) = preSolution
		Ad-Hoc|Any CPU = Ad-Hoc|Any CPU
		Ad-Hoc|ARM = Ad-Hoc|ARM
		Ad-Hoc|iPhone = Ad-Hoc|iPhone
		Ad-Hoc|iPhoneSimulator = Ad-Hoc|iPhoneSimulator
		Ad-Hoc|x64 = Ad-Hoc|x64
		Ad-Hoc|x86 = Ad-Hoc|x86
		AppStore|Any CPU = AppStore|Any CPU
		AppStore|ARM = AppStore|ARM
		AppStore|iPhone = AppStore|iPhone
		AppStore|iPhoneSimulator = AppStore|iPhoneSimulator
		AppStore|x64 = AppStore|x64
		AppStore|x86 = AppStore|x86
		Debug|Any CPU = Debug|Any CPU
		Debug|ARM = Debug|ARM
		Debug|iPhone = Debug|iPhone
		Debug|iPhoneSimulator = Debug|iPhoneSimulator
		Debug|x64 = Debug|x64
		Debug|x86 = Debug|x86
		Release|Any CPU = Release|Any CPU
		Release|ARM = Release|ARM
		Release|iPhone = Release|iPhone
		Release|iPhoneSimulator = Release|iPhoneSimulator
		Release|x64 = Release|x64
		Release|x86 = Release|x86
	EndGlobalSection
	GlobalSection(ProjectConfigurationPlatforms) = postSolution
		{601173B1-B9CA-4F50-A029-57A454C1D498}.Ad-Hoc|Any CPU.ActiveCfg = Release|Any CPU
		{601173B1-B9CA-4F50-A029-57A454C1D498}.Ad-Hoc|Any CPU.Build.0 = Release|Any CPU
		{601173B1-B9CA-4F50-A029-57A454C1D498}.Ad-Hoc|Any CPU.Deploy.0 = Release|Any CPU
		{601173B1-B9CA-4F50-A029-57A454C1D498}.Ad-Hoc|ARM.ActiveCfg = Release|Any CPU
		{601173B1-B9CA-4F50-A029-57A454C1D498}.Ad-Hoc|ARM.Build.0 = Release|Any CPU
		{601173B1-B9CA-4F50-A029-57A454C1D498}.Ad-Hoc|ARM.Deploy.0 = Release|Any CPU
		{601173B1-B9CA-4F50-A029-57A454C1D498}.Ad-Hoc|iPhone.ActiveCfg = Release|Any CPU
		{601173B1-B9CA-4F50-A029-57A454C1D498}.Ad-Hoc|iPhone.Build.0 = Release|Any CPU
		{601173B1-B9CA-4F50-A029-57A454C1D498}.Ad-Hoc|iPhone.Deploy.0 = Release|Any CPU
		{601173B1-B9CA-4F50-A029-57A454C1D498}.Ad-Hoc|iPhoneSimulator.ActiveCfg = Release|Any CPU
		{601173B1-B9CA-4F50-A029-57A454C1D498}.Ad-Hoc|iPhoneSimulator.Build.0 = Release|Any CPU
		{601173B1-B9CA-4F50-A029-57A454C1D498}.Ad-Hoc|iPhoneSimulator.Deploy.0 = Release|Any CPU
		{601173B1-B9CA-4F50-A029-57A454C1D498}.Ad-Hoc|x64.ActiveCfg = Release|Any CPU
		{601173B1-B9CA-4F50-A029-57A454C1D498}.Ad-Hoc|x64.Build.0 = Release|Any CPU
		{601173B1-B9CA-4F50-A029-57A454C1D498}.Ad-Hoc|x64.Deploy.0 = Release|Any CPU
		{601173B1-B9CA-4F50-A029-57A454C1D498}.Ad-Hoc|x86.ActiveCfg = Release|Any CPU
		{601173B1-B9CA-4F50-A029-57A454C1D498}.Ad-Hoc|x86.Build.0 = Release|Any CPU
		{601173B1-B9CA-4F50-A029-57A454C1D498}.Ad-Hoc|x86.Deploy.0 = Release|Any CPU
		{601173B1-B9CA-4F50-A029-57A454C1D498}.AppStore|Any CPU.ActiveCfg = Release|Any CPU
		{601173B1-B9CA-4F50-A029-57A454C1D498}.AppStore|Any CPU.Build.0 = Release|Any CPU
		{601173B1-B9CA-4F50-A029-57A454C1D498}.AppStore|Any CPU.Deploy.0 = Release|Any CPU
		{601173B1-B9CA-4F50-A029-57A454C1D498}.AppStore|ARM.ActiveCfg = Release|Any CPU
		{601173B1-B9CA-4F50-A029-57A454C1D498}.AppStore|ARM.Build.0 = Release|Any CPU
		{601173B1-B9CA-4F50-A029-57A454C1D498}.AppStore|ARM.Deploy.0 = Release|Any CPU
		{601173B1-B9CA-4F50-A029-57A454C1D498}.AppStore|iPhone.ActiveCfg = Release|Any CPU
		{601173B1-B9CA-4F50-A029-57A454C1D498}.AppStore|iPhone.Build.0 = Release|Any CPU
		{601173B1-B9CA-4F50-A029-57A454C1D498}.AppStore|iPhone.Deploy.0 = Release|Any CPU
		{601173B1-B9CA-4F50-A029-57A454C1D498}.AppStore|iPhoneSimulator.ActiveCfg = Release|Any CPU
		{601173B1-B9CA-4F50-A029-57A454C1D498}.AppStore|iPhoneSimulator.Build.0 = Release|Any CPU
		{601173B1-B9CA-4F50-A029-57A454C1D498}.AppStore|iPhoneSimulator.Deploy.0 = Release|Any CPU
		{601173B1-B9CA-4F50-A029-57A454C1D498}.AppStore|x64.ActiveCfg = Release|Any CPU
		{601173B1-B9CA-4F50-A029-57A454C1D498}.AppStore|x64.Build.0 = Release|Any CPU
		{601173B1-B9CA-4F50-A029-57A454C1D498}.AppStore|x64.Deploy.0 = Release|Any CPU
		{601173B1-B9CA-4F50-A029-57A454C1D498}.AppStore|x86.ActiveCfg = Release|Any CPU
		{601173B1-B9CA-4F50-A029-57A454C1D498}.AppStore|x86.Build.0 = Release|Any CPU
		{601173B1-B9CA-4F50-A029-57A454C1D498}.AppStore|x86.Deploy.0 = Release|Any CPU
		{601173B1-B9CA-4F50-A029-57A454C1D498}.Debug|Any CPU.ActiveCfg = Debug|Any CPU
		{601173B1-B9CA-4F50-A029-57A454C1D498}.Debug|Any CPU.Build.0 = Debug|Any CPU
		{601173B1-B9CA-4F50-A029-57A454C1D498}.Debug|Any CPU.Deploy.0 = Debug|Any CPU
		{601173B1-B9CA-4F50-A029-57A454C1D498}.Debug|ARM.ActiveCfg = Debug|Any CPU
		{601173B1-B9CA-4F50-A029-57A454C1D498}.Debug|ARM.Build.0 = Debug|Any CPU
		{601173B1-B9CA-4F50-A029-57A454C1D498}.Debug|ARM.Deploy.0 = Debug|Any CPU
		{601173B1-B9CA-4F50-A029-57A454C1D498}.Debug|iPhone.ActiveCfg = Debug|Any CPU
		{601173B1-B9CA-4F50-A029-57A454C1D498}.Debug|iPhone.Build.0 = Debug|Any CPU
		{601173B1-B9CA-4F50-A029-57A454C1D498}.Debug|iPhone.Deploy.0 = Debug|Any CPU
		{601173B1-B9CA-4F50-A029-57A454C1D498}.Debug|iPhoneSimulator.ActiveCfg = Debug|Any CPU
		{601173B1-B9CA-4F50-A029-57A454C1D498}.Debug|iPhoneSimulator.Build.0 = Debug|Any CPU
		{601173B1-B9CA-4F50-A029-57A454C1D498}.Debug|iPhoneSimulator.Deploy.0 = Debug|Any CPU
		{601173B1-B9CA-4F50-A029-57A454C1D498}.Debug|x64.ActiveCfg = Debug|Any CPU
		{601173B1-B9CA-4F50-A029-57A454C1D498}.Debug|x64.Build.0 = Debug|Any CPU
		{601173B1-B9CA-4F50-A029-57A454C1D498}.Debug|x64.Deploy.0 = Debug|Any CPU
		{601173B1-B9CA-4F50-A029-57A454C1D498}.Debug|x86.ActiveCfg = Debug|Any CPU
		{601173B1-B9CA-4F50-A029-57A454C1D498}.Debug|x86.Build.0 = Debug|Any CPU
		{601173B1-B9CA-4F50-A029-57A454C1D498}.Debug|x86.Deploy.0 = Debug|Any CPU
		{601173B1-B9CA-4F50-A029-57A454C1D498}.Release|Any CPU.ActiveCfg = Release|Any CPU
		{601173B1-B9CA-4F50-A029-57A454C1D498}.Release|Any CPU.Build.0 = Release|Any CPU
		{601173B1-B9CA-4F50-A029-57A454C1D498}.Release|Any CPU.Deploy.0 = Release|Any CPU
		{601173B1-B9CA-4F50-A029-57A454C1D498}.Release|ARM.ActiveCfg = Release|Any CPU
		{601173B1-B9CA-4F50-A029-57A454C1D498}.Release|ARM.Build.0 = Release|Any CPU
		{601173B1-B9CA-4F50-A029-57A454C1D498}.Release|ARM.Deploy.0 = Release|Any CPU
		{601173B1-B9CA-4F50-A029-57A454C1D498}.Release|iPhone.ActiveCfg = Release|Any CPU
		{601173B1-B9CA-4F50-A029-57A454C1D498}.Release|iPhone.Build.0 = Release|Any CPU
		{601173B1-B9CA-4F50-A029-57A454C1D498}.Release|iPhone.Deploy.0 = Release|Any CPU
		{601173B1-B9CA-4F50-A029-57A454C1D498}.Release|iPhoneSimulator.ActiveCfg = Release|Any CPU
		{601173B1-B9CA-4F50-A029-57A454C1D498}.Release|iPhoneSimulator.Build.0 = Release|Any CPU
		{601173B1-B9CA-4F50-A029-57A454C1D498}.Release|iPhoneSimulator.Deploy.0 = Release|Any CPU
		{601173B1-B9CA-4F50-A029-57A454C1D498}.Release|x64.ActiveCfg = Release|Any CPU
		{601173B1-B9CA-4F50-A029-57A454C1D498}.Release|x64.Build.0 = Release|Any CPU
		{601173B1-B9CA-4F50-A029-57A454C1D498}.Release|x64.Deploy.0 = Release|Any CPU
		{601173B1-B9CA-4F50-A029-57A454C1D498}.Release|x86.ActiveCfg = Release|Any CPU
		{601173B1-B9CA-4F50-A029-57A454C1D498}.Release|x86.Build.0 = Release|Any CPU
		{601173B1-B9CA-4F50-A029-57A454C1D498}.Release|x86.Deploy.0 = Release|Any CPU
		{1D2B7396-6D11-40CD-85D5-B10AD818F7CE}.Ad-Hoc|Any CPU.ActiveCfg = Ad-Hoc|iPhone
		{1D2B7396-6D11-40CD-85D5-B10AD818F7CE}.Ad-Hoc|Any CPU.Build.0 = Ad-Hoc|iPhone
		{1D2B7396-6D11-40CD-85D5-B10AD818F7CE}.Ad-Hoc|Any CPU.Deploy.0 = Ad-Hoc|iPhone
		{1D2B7396-6D11-40CD-85D5-B10AD818F7CE}.Ad-Hoc|ARM.ActiveCfg = Ad-Hoc|iPhone
		{1D2B7396-6D11-40CD-85D5-B10AD818F7CE}.Ad-Hoc|ARM.Build.0 = Ad-Hoc|iPhone
		{1D2B7396-6D11-40CD-85D5-B10AD818F7CE}.Ad-Hoc|ARM.Deploy.0 = Ad-Hoc|iPhone
		{1D2B7396-6D11-40CD-85D5-B10AD818F7CE}.Ad-Hoc|iPhone.ActiveCfg = Ad-Hoc|iPhone
		{1D2B7396-6D11-40CD-85D5-B10AD818F7CE}.Ad-Hoc|iPhone.Build.0 = Ad-Hoc|iPhone
		{1D2B7396-6D11-40CD-85D5-B10AD818F7CE}.Ad-Hoc|iPhone.Deploy.0 = Ad-Hoc|iPhone
		{1D2B7396-6D11-40CD-85D5-B10AD818F7CE}.Ad-Hoc|iPhoneSimulator.ActiveCfg = Ad-Hoc|iPhoneSimulator
		{1D2B7396-6D11-40CD-85D5-B10AD818F7CE}.Ad-Hoc|iPhoneSimulator.Build.0 = Ad-Hoc|iPhoneSimulator
		{1D2B7396-6D11-40CD-85D5-B10AD818F7CE}.Ad-Hoc|iPhoneSimulator.Deploy.0 = Ad-Hoc|iPhoneSimulator
		{1D2B7396-6D11-40CD-85D5-B10AD818F7CE}.Ad-Hoc|x64.ActiveCfg = Ad-Hoc|iPhone
		{1D2B7396-6D11-40CD-85D5-B10AD818F7CE}.Ad-Hoc|x64.Build.0 = Ad-Hoc|iPhone
		{1D2B7396-6D11-40CD-85D5-B10AD818F7CE}.Ad-Hoc|x64.Deploy.0 = Ad-Hoc|iPhone
		{1D2B7396-6D11-40CD-85D5-B10AD818F7CE}.Ad-Hoc|x86.ActiveCfg = Ad-Hoc|iPhone
		{1D2B7396-6D11-40CD-85D5-B10AD818F7CE}.Ad-Hoc|x86.Build.0 = Ad-Hoc|iPhone
		{1D2B7396-6D11-40CD-85D5-B10AD818F7CE}.Ad-Hoc|x86.Deploy.0 = Ad-Hoc|iPhone
		{1D2B7396-6D11-40CD-85D5-B10AD818F7CE}.AppStore|Any CPU.ActiveCfg = AppStore|iPhone
		{1D2B7396-6D11-40CD-85D5-B10AD818F7CE}.AppStore|Any CPU.Build.0 = AppStore|iPhone
		{1D2B7396-6D11-40CD-85D5-B10AD818F7CE}.AppStore|Any CPU.Deploy.0 = AppStore|iPhone
		{1D2B7396-6D11-40CD-85D5-B10AD818F7CE}.AppStore|ARM.ActiveCfg = AppStore|iPhone
		{1D2B7396-6D11-40CD-85D5-B10AD818F7CE}.AppStore|ARM.Build.0 = AppStore|iPhone
		{1D2B7396-6D11-40CD-85D5-B10AD818F7CE}.AppStore|ARM.Deploy.0 = AppStore|iPhone
		{1D2B7396-6D11-40CD-85D5-B10AD818F7CE}.AppStore|iPhone.ActiveCfg = AppStore|iPhone
		{1D2B7396-6D11-40CD-85D5-B10AD818F7CE}.AppStore|iPhone.Build.0 = AppStore|iPhone
		{1D2B7396-6D11-40CD-85D5-B10AD818F7CE}.AppStore|iPhone.Deploy.0 = AppStore|iPhone
		{1D2B7396-6D11-40CD-85D5-B10AD818F7CE}.AppStore|iPhoneSimulator.ActiveCfg = AppStore|iPhoneSimulator
		{1D2B7396-6D11-40CD-85D5-B10AD818F7CE}.AppStore|iPhoneSimulator.Build.0 = AppStore|iPhoneSimulator
		{1D2B7396-6D11-40CD-85D5-B10AD818F7CE}.AppStore|iPhoneSimulator.Deploy.0 = AppStore|iPhoneSimulator
		{1D2B7396-6D11-40CD-85D5-B10AD818F7CE}.AppStore|x64.ActiveCfg = AppStore|iPhone
		{1D2B7396-6D11-40CD-85D5-B10AD818F7CE}.AppStore|x64.Build.0 = AppStore|iPhone
		{1D2B7396-6D11-40CD-85D5-B10AD818F7CE}.AppStore|x64.Deploy.0 = AppStore|iPhone
		{1D2B7396-6D11-40CD-85D5-B10AD818F7CE}.AppStore|x86.ActiveCfg = AppStore|iPhone
		{1D2B7396-6D11-40CD-85D5-B10AD818F7CE}.AppStore|x86.Build.0 = AppStore|iPhone
		{1D2B7396-6D11-40CD-85D5-B10AD818F7CE}.AppStore|x86.Deploy.0 = AppStore|iPhone
		{1D2B7396-6D11-40CD-85D5-B10AD818F7CE}.Debug|Any CPU.ActiveCfg = Debug|iPhone
		{1D2B7396-6D11-40CD-85D5-B10AD818F7CE}.Debug|Any CPU.Build.0 = Debug|iPhone
		{1D2B7396-6D11-40CD-85D5-B10AD818F7CE}.Debug|Any CPU.Deploy.0 = Debug|iPhone
		{1D2B7396-6D11-40CD-85D5-B10AD818F7CE}.Debug|ARM.ActiveCfg = Debug|iPhone
		{1D2B7396-6D11-40CD-85D5-B10AD818F7CE}.Debug|ARM.Build.0 = Debug|iPhone
		{1D2B7396-6D11-40CD-85D5-B10AD818F7CE}.Debug|ARM.Deploy.0 = Debug|iPhone
		{1D2B7396-6D11-40CD-85D5-B10AD818F7CE}.Debug|iPhone.ActiveCfg = Debug|iPhone
		{1D2B7396-6D11-40CD-85D5-B10AD818F7CE}.Debug|iPhone.Build.0 = Debug|iPhone
		{1D2B7396-6D11-40CD-85D5-B10AD818F7CE}.Debug|iPhone.Deploy.0 = Debug|iPhone
		{1D2B7396-6D11-40CD-85D5-B10AD818F7CE}.Debug|iPhoneSimulator.ActiveCfg = Debug|iPhoneSimulator
		{1D2B7396-6D11-40CD-85D5-B10AD818F7CE}.Debug|iPhoneSimulator.Build.0 = Debug|iPhoneSimulator
		{1D2B7396-6D11-40CD-85D5-B10AD818F7CE}.Debug|iPhoneSimulator.Deploy.0 = Debug|iPhoneSimulator
		{1D2B7396-6D11-40CD-85D5-B10AD818F7CE}.Debug|x64.ActiveCfg = Debug|iPhone
		{1D2B7396-6D11-40CD-85D5-B10AD818F7CE}.Debug|x64.Build.0 = Debug|iPhone
		{1D2B7396-6D11-40CD-85D5-B10AD818F7CE}.Debug|x64.Deploy.0 = Debug|iPhone
		{1D2B7396-6D11-40CD-85D5-B10AD818F7CE}.Debug|x86.ActiveCfg = Debug|iPhoneSimulator
		{1D2B7396-6D11-40CD-85D5-B10AD818F7CE}.Debug|x86.Build.0 = Debug|iPhoneSimulator
		{1D2B7396-6D11-40CD-85D5-B10AD818F7CE}.Debug|x86.Deploy.0 = Debug|iPhoneSimulator
		{1D2B7396-6D11-40CD-85D5-B10AD818F7CE}.Release|Any CPU.ActiveCfg = Release|iPhone
		{1D2B7396-6D11-40CD-85D5-B10AD818F7CE}.Release|Any CPU.Build.0 = Release|iPhone
		{1D2B7396-6D11-40CD-85D5-B10AD818F7CE}.Release|Any CPU.Deploy.0 = Release|iPhone
		{1D2B7396-6D11-40CD-85D5-B10AD818F7CE}.Release|ARM.ActiveCfg = Release|iPhone
		{1D2B7396-6D11-40CD-85D5-B10AD818F7CE}.Release|ARM.Build.0 = Release|iPhone
		{1D2B7396-6D11-40CD-85D5-B10AD818F7CE}.Release|ARM.Deploy.0 = Release|iPhone
		{1D2B7396-6D11-40CD-85D5-B10AD818F7CE}.Release|iPhone.ActiveCfg = Release|iPhone
		{1D2B7396-6D11-40CD-85D5-B10AD818F7CE}.Release|iPhone.Build.0 = Release|iPhone
		{1D2B7396-6D11-40CD-85D5-B10AD818F7CE}.Release|iPhone.Deploy.0 = Release|iPhone
		{1D2B7396-6D11-40CD-85D5-B10AD818F7CE}.Release|iPhoneSimulator.ActiveCfg = Release|iPhoneSimulator
		{1D2B7396-6D11-40CD-85D5-B10AD818F7CE}.Release|iPhoneSimulator.Build.0 = Release|iPhoneSimulator
		{1D2B7396-6D11-40CD-85D5-B10AD818F7CE}.Release|iPhoneSimulator.Deploy.0 = Release|iPhoneSimulator
		{1D2B7396-6D11-40CD-85D5-B10AD818F7CE}.Release|x64.ActiveCfg = Release|iPhone
		{1D2B7396-6D11-40CD-85D5-B10AD818F7CE}.Release|x64.Build.0 = Release|iPhone
		{1D2B7396-6D11-40CD-85D5-B10AD818F7CE}.Release|x64.Deploy.0 = Release|iPhone
		{1D2B7396-6D11-40CD-85D5-B10AD818F7CE}.Release|x86.ActiveCfg = Release|iPhone
		{1D2B7396-6D11-40CD-85D5-B10AD818F7CE}.Release|x86.Build.0 = Release|iPhone
		{1D2B7396-6D11-40CD-85D5-B10AD818F7CE}.Release|x86.Deploy.0 = Release|iPhone
		{21149A87-E731-4EC5-A811-6C0BD35CE113}.Ad-Hoc|Any CPU.ActiveCfg = Release|x86
		{21149A87-E731-4EC5-A811-6C0BD35CE113}.Ad-Hoc|Any CPU.Build.0 = Release|x86
		{21149A87-E731-4EC5-A811-6C0BD35CE113}.Ad-Hoc|Any CPU.Deploy.0 = Release|x86
		{21149A87-E731-4EC5-A811-6C0BD35CE113}.Ad-Hoc|ARM.ActiveCfg = Release|ARM
		{21149A87-E731-4EC5-A811-6C0BD35CE113}.Ad-Hoc|ARM.Build.0 = Release|ARM
		{21149A87-E731-4EC5-A811-6C0BD35CE113}.Ad-Hoc|ARM.Deploy.0 = Release|ARM
		{21149A87-E731-4EC5-A811-6C0BD35CE113}.Ad-Hoc|iPhone.ActiveCfg = Release|x86
		{21149A87-E731-4EC5-A811-6C0BD35CE113}.Ad-Hoc|iPhone.Build.0 = Release|x86
		{21149A87-E731-4EC5-A811-6C0BD35CE113}.Ad-Hoc|iPhone.Deploy.0 = Release|x86
		{21149A87-E731-4EC5-A811-6C0BD35CE113}.Ad-Hoc|iPhoneSimulator.ActiveCfg = Release|x86
		{21149A87-E731-4EC5-A811-6C0BD35CE113}.Ad-Hoc|iPhoneSimulator.Build.0 = Release|x86
		{21149A87-E731-4EC5-A811-6C0BD35CE113}.Ad-Hoc|iPhoneSimulator.Deploy.0 = Release|x86
		{21149A87-E731-4EC5-A811-6C0BD35CE113}.Ad-Hoc|x64.ActiveCfg = Release|x64
		{21149A87-E731-4EC5-A811-6C0BD35CE113}.Ad-Hoc|x64.Build.0 = Release|x64
		{21149A87-E731-4EC5-A811-6C0BD35CE113}.Ad-Hoc|x64.Deploy.0 = Release|x64
		{21149A87-E731-4EC5-A811-6C0BD35CE113}.Ad-Hoc|x86.ActiveCfg = Release|x86
		{21149A87-E731-4EC5-A811-6C0BD35CE113}.Ad-Hoc|x86.Build.0 = Release|x86
		{21149A87-E731-4EC5-A811-6C0BD35CE113}.Ad-Hoc|x86.Deploy.0 = Release|x86
		{21149A87-E731-4EC5-A811-6C0BD35CE113}.AppStore|Any CPU.ActiveCfg = Release|x86
		{21149A87-E731-4EC5-A811-6C0BD35CE113}.AppStore|Any CPU.Build.0 = Release|x86
		{21149A87-E731-4EC5-A811-6C0BD35CE113}.AppStore|Any CPU.Deploy.0 = Release|x86
		{21149A87-E731-4EC5-A811-6C0BD35CE113}.AppStore|ARM.ActiveCfg = Release|ARM
		{21149A87-E731-4EC5-A811-6C0BD35CE113}.AppStore|ARM.Build.0 = Release|ARM
		{21149A87-E731-4EC5-A811-6C0BD35CE113}.AppStore|ARM.Deploy.0 = Release|ARM
		{21149A87-E731-4EC5-A811-6C0BD35CE113}.AppStore|iPhone.ActiveCfg = Release|x86
		{21149A87-E731-4EC5-A811-6C0BD35CE113}.AppStore|iPhone.Build.0 = Release|x86
		{21149A87-E731-4EC5-A811-6C0BD35CE113}.AppStore|iPhone.Deploy.0 = Release|x86
		{21149A87-E731-4EC5-A811-6C0BD35CE113}.AppStore|iPhoneSimulator.ActiveCfg = Release|x86
		{21149A87-E731-4EC5-A811-6C0BD35CE113}.AppStore|iPhoneSimulator.Build.0 = Release|x86
		{21149A87-E731-4EC5-A811-6C0BD35CE113}.AppStore|iPhoneSimulator.Deploy.0 = Release|x86
		{21149A87-E731-4EC5-A811-6C0BD35CE113}.AppStore|x64.ActiveCfg = Release|x64
		{21149A87-E731-4EC5-A811-6C0BD35CE113}.AppStore|x64.Build.0 = Release|x64
		{21149A87-E731-4EC5-A811-6C0BD35CE113}.AppStore|x64.Deploy.0 = Release|x64
		{21149A87-E731-4EC5-A811-6C0BD35CE113}.AppStore|x86.ActiveCfg = Release|x86
		{21149A87-E731-4EC5-A811-6C0BD35CE113}.AppStore|x86.Build.0 = Release|x86
		{21149A87-E731-4EC5-A811-6C0BD35CE113}.AppStore|x86.Deploy.0 = Release|x86
		{21149A87-E731-4EC5-A811-6C0BD35CE113}.Debug|Any CPU.ActiveCfg = Debug|x86
		{21149A87-E731-4EC5-A811-6C0BD35CE113}.Debug|Any CPU.Build.0 = Debug|x86
		{21149A87-E731-4EC5-A811-6C0BD35CE113}.Debug|Any CPU.Deploy.0 = Debug|x86
		{21149A87-E731-4EC5-A811-6C0BD35CE113}.Debug|ARM.ActiveCfg = Debug|ARM
		{21149A87-E731-4EC5-A811-6C0BD35CE113}.Debug|ARM.Build.0 = Debug|ARM
		{21149A87-E731-4EC5-A811-6C0BD35CE113}.Debug|ARM.Deploy.0 = Debug|ARM
		{21149A87-E731-4EC5-A811-6C0BD35CE113}.Debug|iPhone.ActiveCfg = Debug|x86
		{21149A87-E731-4EC5-A811-6C0BD35CE113}.Debug|iPhone.Build.0 = Debug|x86
		{21149A87-E731-4EC5-A811-6C0BD35CE113}.Debug|iPhone.Deploy.0 = Debug|x86
		{21149A87-E731-4EC5-A811-6C0BD35CE113}.Debug|iPhoneSimulator.ActiveCfg = Debug|x86
		{21149A87-E731-4EC5-A811-6C0BD35CE113}.Debug|iPhoneSimulator.Build.0 = Debug|x86
		{21149A87-E731-4EC5-A811-6C0BD35CE113}.Debug|iPhoneSimulator.Deploy.0 = Debug|x86
		{21149A87-E731-4EC5-A811-6C0BD35CE113}.Debug|x64.ActiveCfg = Debug|x64
		{21149A87-E731-4EC5-A811-6C0BD35CE113}.Debug|x64.Build.0 = Debug|x64
		{21149A87-E731-4EC5-A811-6C0BD35CE113}.Debug|x64.Deploy.0 = Debug|x64
		{21149A87-E731-4EC5-A811-6C0BD35CE113}.Debug|x86.ActiveCfg = Debug|x86
		{21149A87-E731-4EC5-A811-6C0BD35CE113}.Debug|x86.Build.0 = Debug|x86
		{21149A87-E731-4EC5-A811-6C0BD35CE113}.Debug|x86.Deploy.0 = Debug|x86
		{21149A87-E731-4EC5-A811-6C0BD35CE113}.Release|Any CPU.ActiveCfg = Release|x86
		{21149A87-E731-4EC5-A811-6C0BD35CE113}.Release|Any CPU.Build.0 = Release|x86
		{21149A87-E731-4EC5-A811-6C0BD35CE113}.Release|Any CPU.Deploy.0 = Release|x86
		{21149A87-E731-4EC5-A811-6C0BD35CE113}.Release|ARM.ActiveCfg = Release|ARM
		{21149A87-E731-4EC5-A811-6C0BD35CE113}.Release|ARM.Build.0 = Release|ARM
		{21149A87-E731-4EC5-A811-6C0BD35CE113}.Release|ARM.Deploy.0 = Release|ARM
		{21149A87-E731-4EC5-A811-6C0BD35CE113}.Release|iPhone.ActiveCfg = Release|x86
		{21149A87-E731-4EC5-A811-6C0BD35CE113}.Release|iPhone.Build.0 = Release|x86
		{21149A87-E731-4EC5-A811-6C0BD35CE113}.Release|iPhone.Deploy.0 = Release|x86
		{21149A87-E731-4EC5-A811-6C0BD35CE113}.Release|iPhoneSimulator.ActiveCfg = Release|x86
		{21149A87-E731-4EC5-A811-6C0BD35CE113}.Release|iPhoneSimulator.Build.0 = Release|x86
		{21149A87-E731-4EC5-A811-6C0BD35CE113}.Release|iPhoneSimulator.Deploy.0 = Release|x86
		{21149A87-E731-4EC5-A811-6C0BD35CE113}.Release|x64.ActiveCfg = Release|x64
		{21149A87-E731-4EC5-A811-6C0BD35CE113}.Release|x64.Build.0 = Release|x64
		{21149A87-E731-4EC5-A811-6C0BD35CE113}.Release|x64.Deploy.0 = Release|x64
		{21149A87-E731-4EC5-A811-6C0BD35CE113}.Release|x86.ActiveCfg = Release|x86
		{21149A87-E731-4EC5-A811-6C0BD35CE113}.Release|x86.Build.0 = Release|x86
		{21149A87-E731-4EC5-A811-6C0BD35CE113}.Release|x86.Deploy.0 = Release|x86
		{C03B0717-89C7-4002-842A-E3A72E134CDA}.Ad-Hoc|Any CPU.ActiveCfg = Debug|Any CPU
		{C03B0717-89C7-4002-842A-E3A72E134CDA}.Ad-Hoc|Any CPU.Build.0 = Debug|Any CPU
		{C03B0717-89C7-4002-842A-E3A72E134CDA}.Ad-Hoc|Any CPU.Deploy.0 = Debug|Any CPU
		{C03B0717-89C7-4002-842A-E3A72E134CDA}.Ad-Hoc|ARM.ActiveCfg = Debug|Any CPU
		{C03B0717-89C7-4002-842A-E3A72E134CDA}.Ad-Hoc|ARM.Build.0 = Debug|Any CPU
		{C03B0717-89C7-4002-842A-E3A72E134CDA}.Ad-Hoc|ARM.Deploy.0 = Debug|Any CPU
		{C03B0717-89C7-4002-842A-E3A72E134CDA}.Ad-Hoc|iPhone.ActiveCfg = Debug|Any CPU
		{C03B0717-89C7-4002-842A-E3A72E134CDA}.Ad-Hoc|iPhone.Build.0 = Debug|Any CPU
		{C03B0717-89C7-4002-842A-E3A72E134CDA}.Ad-Hoc|iPhone.Deploy.0 = Debug|Any CPU
		{C03B0717-89C7-4002-842A-E3A72E134CDA}.Ad-Hoc|iPhoneSimulator.ActiveCfg = Debug|Any CPU
		{C03B0717-89C7-4002-842A-E3A72E134CDA}.Ad-Hoc|iPhoneSimulator.Build.0 = Debug|Any CPU
		{C03B0717-89C7-4002-842A-E3A72E134CDA}.Ad-Hoc|iPhoneSimulator.Deploy.0 = Debug|Any CPU
		{C03B0717-89C7-4002-842A-E3A72E134CDA}.Ad-Hoc|x64.ActiveCfg = Debug|Any CPU
		{C03B0717-89C7-4002-842A-E3A72E134CDA}.Ad-Hoc|x64.Build.0 = Debug|Any CPU
		{C03B0717-89C7-4002-842A-E3A72E134CDA}.Ad-Hoc|x64.Deploy.0 = Debug|Any CPU
		{C03B0717-89C7-4002-842A-E3A72E134CDA}.Ad-Hoc|x86.ActiveCfg = Debug|Any CPU
		{C03B0717-89C7-4002-842A-E3A72E134CDA}.Ad-Hoc|x86.Build.0 = Debug|Any CPU
		{C03B0717-89C7-4002-842A-E3A72E134CDA}.Ad-Hoc|x86.Deploy.0 = Debug|Any CPU
		{C03B0717-89C7-4002-842A-E3A72E134CDA}.AppStore|Any CPU.ActiveCfg = Debug|Any CPU
		{C03B0717-89C7-4002-842A-E3A72E134CDA}.AppStore|Any CPU.Build.0 = Debug|Any CPU
		{C03B0717-89C7-4002-842A-E3A72E134CDA}.AppStore|Any CPU.Deploy.0 = Debug|Any CPU
		{C03B0717-89C7-4002-842A-E3A72E134CDA}.AppStore|ARM.ActiveCfg = Debug|Any CPU
		{C03B0717-89C7-4002-842A-E3A72E134CDA}.AppStore|ARM.Build.0 = Debug|Any CPU
		{C03B0717-89C7-4002-842A-E3A72E134CDA}.AppStore|ARM.Deploy.0 = Debug|Any CPU
		{C03B0717-89C7-4002-842A-E3A72E134CDA}.AppStore|iPhone.ActiveCfg = Debug|Any CPU
		{C03B0717-89C7-4002-842A-E3A72E134CDA}.AppStore|iPhone.Build.0 = Debug|Any CPU
		{C03B0717-89C7-4002-842A-E3A72E134CDA}.AppStore|iPhone.Deploy.0 = Debug|Any CPU
		{C03B0717-89C7-4002-842A-E3A72E134CDA}.AppStore|iPhoneSimulator.ActiveCfg = Debug|Any CPU
		{C03B0717-89C7-4002-842A-E3A72E134CDA}.AppStore|iPhoneSimulator.Build.0 = Debug|Any CPU
		{C03B0717-89C7-4002-842A-E3A72E134CDA}.AppStore|iPhoneSimulator.Deploy.0 = Debug|Any CPU
		{C03B0717-89C7-4002-842A-E3A72E134CDA}.AppStore|x64.ActiveCfg = Debug|Any CPU
		{C03B0717-89C7-4002-842A-E3A72E134CDA}.AppStore|x64.Build.0 = Debug|Any CPU
		{C03B0717-89C7-4002-842A-E3A72E134CDA}.AppStore|x64.Deploy.0 = Debug|Any CPU
		{C03B0717-89C7-4002-842A-E3A72E134CDA}.AppStore|x86.ActiveCfg = Debug|Any CPU
		{C03B0717-89C7-4002-842A-E3A72E134CDA}.AppStore|x86.Build.0 = Debug|Any CPU
		{C03B0717-89C7-4002-842A-E3A72E134CDA}.AppStore|x86.Deploy.0 = Debug|Any CPU
		{C03B0717-89C7-4002-842A-E3A72E134CDA}.Debug|Any CPU.ActiveCfg = Debug|Any CPU
		{C03B0717-89C7-4002-842A-E3A72E134CDA}.Debug|Any CPU.Build.0 = Debug|Any CPU
		{C03B0717-89C7-4002-842A-E3A72E134CDA}.Debug|Any CPU.Deploy.0 = Debug|Any CPU
		{C03B0717-89C7-4002-842A-E3A72E134CDA}.Debug|ARM.ActiveCfg = Debug|Any CPU
		{C03B0717-89C7-4002-842A-E3A72E134CDA}.Debug|ARM.Build.0 = Debug|Any CPU
		{C03B0717-89C7-4002-842A-E3A72E134CDA}.Debug|ARM.Deploy.0 = Debug|Any CPU
		{C03B0717-89C7-4002-842A-E3A72E134CDA}.Debug|iPhone.ActiveCfg = Debug|Any CPU
		{C03B0717-89C7-4002-842A-E3A72E134CDA}.Debug|iPhone.Build.0 = Debug|Any CPU
		{C03B0717-89C7-4002-842A-E3A72E134CDA}.Debug|iPhone.Deploy.0 = Debug|Any CPU
		{C03B0717-89C7-4002-842A-E3A72E134CDA}.Debug|iPhoneSimulator.ActiveCfg = Debug|Any CPU
		{C03B0717-89C7-4002-842A-E3A72E134CDA}.Debug|iPhoneSimulator.Build.0 = Debug|Any CPU
		{C03B0717-89C7-4002-842A-E3A72E134CDA}.Debug|iPhoneSimulator.Deploy.0 = Debug|Any CPU
		{C03B0717-89C7-4002-842A-E3A72E134CDA}.Debug|x64.ActiveCfg = Debug|Any CPU
		{C03B0717-89C7-4002-842A-E3A72E134CDA}.Debug|x64.Build.0 = Debug|Any CPU
		{C03B0717-89C7-4002-842A-E3A72E134CDA}.Debug|x64.Deploy.0 = Debug|Any CPU
		{C03B0717-89C7-4002-842A-E3A72E134CDA}.Debug|x86.ActiveCfg = Debug|Any CPU
		{C03B0717-89C7-4002-842A-E3A72E134CDA}.Debug|x86.Build.0 = Debug|Any CPU
		{C03B0717-89C7-4002-842A-E3A72E134CDA}.Debug|x86.Deploy.0 = Debug|Any CPU
		{C03B0717-89C7-4002-842A-E3A72E134CDA}.Release|Any CPU.ActiveCfg = Release|Any CPU
		{C03B0717-89C7-4002-842A-E3A72E134CDA}.Release|Any CPU.Build.0 = Release|Any CPU
		{C03B0717-89C7-4002-842A-E3A72E134CDA}.Release|Any CPU.Deploy.0 = Release|Any CPU
		{C03B0717-89C7-4002-842A-E3A72E134CDA}.Release|ARM.ActiveCfg = Release|Any CPU
		{C03B0717-89C7-4002-842A-E3A72E134CDA}.Release|ARM.Build.0 = Release|Any CPU
		{C03B0717-89C7-4002-842A-E3A72E134CDA}.Release|ARM.Deploy.0 = Release|Any CPU
		{C03B0717-89C7-4002-842A-E3A72E134CDA}.Release|iPhone.ActiveCfg = Release|Any CPU
		{C03B0717-89C7-4002-842A-E3A72E134CDA}.Release|iPhone.Build.0 = Release|Any CPU
		{C03B0717-89C7-4002-842A-E3A72E134CDA}.Release|iPhone.Deploy.0 = Release|Any CPU
		{C03B0717-89C7-4002-842A-E3A72E134CDA}.Release|iPhoneSimulator.ActiveCfg = Release|Any CPU
		{C03B0717-89C7-4002-842A-E3A72E134CDA}.Release|iPhoneSimulator.Build.0 = Release|Any CPU
		{C03B0717-89C7-4002-842A-E3A72E134CDA}.Release|iPhoneSimulator.Deploy.0 = Release|Any CPU
		{C03B0717-89C7-4002-842A-E3A72E134CDA}.Release|x64.ActiveCfg = Release|Any CPU
		{C03B0717-89C7-4002-842A-E3A72E134CDA}.Release|x64.Build.0 = Release|Any CPU
		{C03B0717-89C7-4002-842A-E3A72E134CDA}.Release|x64.Deploy.0 = Release|Any CPU
		{C03B0717-89C7-4002-842A-E3A72E134CDA}.Release|x86.ActiveCfg = Release|Any CPU
		{C03B0717-89C7-4002-842A-E3A72E134CDA}.Release|x86.Build.0 = Release|Any CPU
		{C03B0717-89C7-4002-842A-E3A72E134CDA}.Release|x86.Deploy.0 = Release|Any CPU
	EndGlobalSection
	GlobalSection(SolutionProperties) = preSolution
		HideSolutionNode = FALSE
	EndGlobalSection
	GlobalSection(ExtensibilityGlobals) = postSolution
		SolutionGuid = {91647038-DE1B-4A5C-AC92-909D14253728}
	EndGlobalSection
EndGlobal
